
Microsoft Visual Studio Solution File, Format Version 12.00
# Visual Studio Version 17
VisualStudioVersion = 17.0.31903.59
MinimumVisualStudioVersion = 10.0.40219.1
Project("{FAE04EC0-301F-11D3-BF4B-00C04F79EFBC}") = "DevCard_MVC", "DevCard_MVC\DevCard_MVC.csproj", "{C5DB3311-469C-467E-9FB5-EF8F24B84EB2}"
EndProject
Global
	GlobalSection(SolutionConfigurationPlatforms) = preSolution
		Debug|Any CPU = Debug|Any CPU
		Release|Any CPU = Release|Any CPU
	EndGlobalSection
	GlobalSection(ProjectConfigurationPlatforms) = postSolution
		{C5DB3311-469C-467E-9FB5-EF8F24B84EB2}.Debug|Any CPU.ActiveCfg = Debug|Any CPU
		{C5DB3311-469C-467E-9FB5-EF8F24B84EB2}.Debug|Any CPU.Build.0 = Debug|Any CPU
		{C5DB3311-469C-467E-9FB5-EF8F24B84EB2}.Release|Any CPU.ActiveCfg = Release|Any CPU
		{C5DB3311-469C-467E-9FB5-EF8F24B84EB2}.Release|Any CPU.Build.0 = Release|Any CPU
	EndGlobalSection
	GlobalSection(SolutionProperties) = preSolution
		HideSolutionNode = FALSE
	EndGlobalSection
	GlobalSection(ExtensibilityGlobals) = postSolution
		SolutionGuid = {2E415CAE-68B5-4471-90B3-9520422BD426}
	EndGlobalSection
EndGlobal
